{
  "name": "js",
  "version": "1.0.0",
  "lockfileVersion": 1,
  "requires": true,
  "dependencies": {
    "emojibase": {
      "version": "6.1.0",
      "resolved": "https://registry.npmjs.org/emojibase/-/emojibase-6.1.0.tgz",
      "integrity": "sha512-1GkKJPXP6tVkYJHOBSJHoGOr/6uaDxZ9xJ6H7m6PfdGXTmQgbALHLWaVRY4Gi/qf5x/gT/NUXLPuSHYLqtLtrQ=="
    },
    "jquery": {
      "version": "3.7.1",
      "resolved": "https://registry.npmjs.org/jquery/-/jquery-3.7.1.tgz",
      "integrity": "sha512-m4avr8yL8kmFN8psrbFFFmB/If14iN5o9nw/NgnnM+kybDJpRsAynV2BsfpTYrTRysYUdADVD7CkUUizgkpLfg=="
    },
    "picmo": {
      "version": "5.8.5",
      "resolved": "https://registry.npmjs.org/picmo/-/picmo-5.8.5.tgz",
      "integrity": "sha512-7I8jfuHALF9lkt3d+XCZGP+IwH7g91vYZv6XtRnJ99IDjnm92zel0L5DEo2FX0oaHUwRMBD/kn2knTZqwItudQ==",
      "requires": {
        "emojibase": "^6.1.0"
      }
    },
    "wordcloud": {
      "version": "1.2.2",
      "resolved": "https://registry.npmjs.org/wordcloud/-/wordcloud-1.2.2.tgz",
      "integrity": "sha512-fUnDsGrHXou+49j1OeKaC7nOeZPx+sWjIet0L/j6eAcm0nXy+a+AuUs/iDAX4PLBg1Zc6wgXWXhoXdQsXRWAEw=="
    }
  }
}
